
Microsoft Visual Studio Solution File, Format Version 12.00
# Visual Studio Version 17
VisualStudioVersion = 17.8.34322.80
MinimumVisualStudioVersion = 10.0.40219.1
Project("{FAE04EC0-301F-11D3-BF4B-00C04F79EFBC}") = "Bowling", "Bowling\Bowling.csproj", "{101305F3-F91E-4544-A4BA-6CF9E52B24B3}"
EndProject
Project("{FAE04EC0-301F-11D3-BF4B-00C04F79EFBC}") = "TestProject1", "TestProject1\TestProject1.csproj", "{731EC41F-1F02-406F-8282-8E9E8E5C033E}"
EndProject
Global
	GlobalSection(SolutionConfigurationPlatforms) = preSolution
		Debug|Any CPU = Debug|Any CPU
		Release|Any CPU = Release|Any CPU
	EndGlobalSection
	GlobalSection(ProjectConfigurationPlatforms) = postSolution
		{101305F3-F91E-4544-A4BA-6CF9E52B24B3}.Debug|Any CPU.ActiveCfg = Debug|Any CPU
		{101305F3-F91E-4544-A4BA-6CF9E52B24B3}.Debug|Any CPU.Build.0 = Debug|Any CPU
		{101305F3-F91E-4544-A4BA-6CF9E52B24B3}.Release|Any CPU.ActiveCfg = Release|Any CPU
		{101305F3-F91E-4544-A4BA-6CF9E52B24B3}.Release|Any CPU.Build.0 = Release|Any CPU
		{731EC41F-1F02-406F-8282-8E9E8E5C033E}.Debug|Any CPU.ActiveCfg = Debug|Any CPU
		{731EC41F-1F02-406F-8282-8E9E8E5C033E}.Debug|Any CPU.Build.0 = Debug|Any CPU
		{731EC41F-1F02-406F-8282-8E9E8E5C033E}.Release|Any CPU.ActiveCfg = Release|Any CPU
		{731EC41F-1F02-406F-8282-8E9E8E5C033E}.Release|Any CPU.Build.0 = Release|Any CPU
	EndGlobalSection
	GlobalSection(SolutionProperties) = preSolution
		HideSolutionNode = FALSE
	EndGlobalSection
	GlobalSection(ExtensibilityGlobals) = postSolution
		SolutionGuid = {7ECF0B17-6C02-4F24-874B-8644484FA853}
	EndGlobalSection
EndGlobal
